
Microsoft Visual Studio Solution File, Format Version 12.00
# Visual Studio 15
VisualStudioVersion = 15.0.26124.0
MinimumVisualStudioVersion = 15.0.26124.0
Project("{2150E333-8FDC-42A3-9474-1A3956D46DE8}") = "src", "src", "{E04FD1ED-0ED7-4D09-9B89-41768F5FD097}"
EndProject
Project("{FAE04EC0-301F-11D3-BF4B-00C04F79EFBC}") = "GradeBook", "src\GradeBook\GradeBook.csproj", "{537D1CE0-78F4-4A8A-BC68-C59F86F35814}"
EndProject
Project("{2150E333-8FDC-42A3-9474-1A3956D46DE8}") = "test", "test", "{A1B4E59A-3BD5-4975-B91C-3B4BDB5DFA00}"
EndProject
Project("{FAE04EC0-301F-11D3-BF4B-00C04F79EFBC}") = "GradeBook.Tests", "test\GradeBook.Tests\GradeBook.Tests.csproj", "{5D7C6502-D26B-4F84-841D-F0412DBCD219}"
EndProject
Global
	GlobalSection(SolutionConfigurationPlatforms) = preSolution
		Debug|Any CPU = Debug|Any CPU
		Debug|x64 = Debug|x64
		Debug|x86 = Debug|x86
		Release|Any CPU = Release|Any CPU
		Release|x64 = Release|x64
		Release|x86 = Release|x86
	EndGlobalSection
	GlobalSection(SolutionProperties) = preSolution
		HideSolutionNode = FALSE
	EndGlobalSection
	GlobalSection(ProjectConfigurationPlatforms) = postSolution
		{537D1CE0-78F4-4A8A-BC68-C59F86F35814}.Debug|Any CPU.ActiveCfg = Debug|Any CPU
		{537D1CE0-78F4-4A8A-BC68-C59F86F35814}.Debug|Any CPU.Build.0 = Debug|Any CPU
		{537D1CE0-78F4-4A8A-BC68-C59F86F35814}.Debug|x64.ActiveCfg = Debug|Any CPU
		{537D1CE0-78F4-4A8A-BC68-C59F86F35814}.Debug|x64.Build.0 = Debug|Any CPU
		{537D1CE0-78F4-4A8A-BC68-C59F86F35814}.Debug|x86.ActiveCfg = Debug|Any CPU
		{537D1CE0-78F4-4A8A-BC68-C59F86F35814}.Debug|x86.Build.0 = Debug|Any CPU
		{537D1CE0-78F4-4A8A-BC68-C59F86F35814}.Release|Any CPU.ActiveCfg = Release|Any CPU
		{537D1CE0-78F4-4A8A-BC68-C59F86F35814}.Release|Any CPU.Build.0 = Release|Any CPU
		{537D1CE0-78F4-4A8A-BC68-C59F86F35814}.Release|x64.ActiveCfg = Release|Any CPU
		{537D1CE0-78F4-4A8A-BC68-C59F86F35814}.Release|x64.Build.0 = Release|Any CPU
		{537D1CE0-78F4-4A8A-BC68-C59F86F35814}.Release|x86.ActiveCfg = Release|Any CPU
		{537D1CE0-78F4-4A8A-BC68-C59F86F35814}.Release|x86.Build.0 = Release|Any CPU
		{5D7C6502-D26B-4F84-841D-F0412DBCD219}.Debug|Any CPU.ActiveCfg = Debug|Any CPU
		{5D7C6502-D26B-4F84-841D-F0412DBCD219}.Debug|Any CPU.Build.0 = Debug|Any CPU
		{5D7C6502-D26B-4F84-841D-F0412DBCD219}.Debug|x64.ActiveCfg = Debug|Any CPU
		{5D7C6502-D26B-4F84-841D-F0412DBCD219}.Debug|x64.Build.0 = Debug|Any CPU
		{5D7C6502-D26B-4F84-841D-F0412DBCD219}.Debug|x86.ActiveCfg = Debug|Any CPU
		{5D7C6502-D26B-4F84-841D-F0412DBCD219}.Debug|x86.Build.0 = Debug|Any CPU
		{5D7C6502-D26B-4F84-841D-F0412DBCD219}.Release|Any CPU.ActiveCfg = Release|Any CPU
		{5D7C6502-D26B-4F84-841D-F0412DBCD219}.Release|Any CPU.Build.0 = Release|Any CPU
		{5D7C6502-D26B-4F84-841D-F0412DBCD219}.Release|x64.ActiveCfg = Release|Any CPU
		{5D7C6502-D26B-4F84-841D-F0412DBCD219}.Release|x64.Build.0 = Release|Any CPU
		{5D7C6502-D26B-4F84-841D-F0412DBCD219}.Release|x86.ActiveCfg = Release|Any CPU
		{5D7C6502-D26B-4F84-841D-F0412DBCD219}.Release|x86.Build.0 = Release|Any CPU
	EndGlobalSection
	GlobalSection(NestedProjects) = preSolution
		{537D1CE0-78F4-4A8A-BC68-C59F86F35814} = {E04FD1ED-0ED7-4D09-9B89-41768F5FD097}
		{5D7C6502-D26B-4F84-841D-F0412DBCD219} = {A1B4E59A-3BD5-4975-B91C-3B4BDB5DFA00}
	EndGlobalSection
EndGlobal
