
Microsoft Visual Studio Solution File, Format Version 12.00
# Visual Studio 15
VisualStudioVersion = 15.0.26124.0
MinimumVisualStudioVersion = 15.0.26124.0
Project("{2150E333-8FDC-42A3-9474-1A3956D46DE8}") = "src", "src", "{A4CA89EE-0734-4A07-8514-235DD070FF6C}"
EndProject
Project("{FAE04EC0-301F-11D3-BF4B-00C04F79EFBC}") = "ACM.BL", "src\ACM.BL\ACM.BL.csproj", "{AD89B1EF-A940-4303-9547-607F5586D392}"
EndProject
Project("{FAE04EC0-301F-11D3-BF4B-00C04F79EFBC}") = "Acme.common", "src\Acme.common\Acme.common.csproj", "{98FB6C6C-6979-413B-B1E7-FCD263514265}"
EndProject
Project("{2150E333-8FDC-42A3-9474-1A3956D46DE8}") = "tests", "tests", "{96254D18-5797-4ADD-B4DA-94D19823F8A8}"
EndProject
Project("{FAE04EC0-301F-11D3-BF4B-00C04F79EFBC}") = "ACM.BLTest", "src\tests\ACM.BLTest\ACM.BLTest.csproj", "{A358E5DB-1D5E-41E9-8042-6F33CA617E0E}"
EndProject
Project("{FAE04EC0-301F-11D3-BF4B-00C04F79EFBC}") = "Acme.commonTest", "src\tests\Acme.commonTest\Acme.commonTest.csproj", "{BB0DA4A9-5A8F-4F50-9151-99CA702EEB3B}"
EndProject
Global
	GlobalSection(SolutionConfigurationPlatforms) = preSolution
		Debug|Any CPU = Debug|Any CPU
		Debug|x64 = Debug|x64
		Debug|x86 = Debug|x86
		Release|Any CPU = Release|Any CPU
		Release|x64 = Release|x64
		Release|x86 = Release|x86
	EndGlobalSection
	GlobalSection(SolutionProperties) = preSolution
		HideSolutionNode = FALSE
	EndGlobalSection
	GlobalSection(ProjectConfigurationPlatforms) = postSolution
		{AD89B1EF-A940-4303-9547-607F5586D392}.Debug|Any CPU.ActiveCfg = Debug|Any CPU
		{AD89B1EF-A940-4303-9547-607F5586D392}.Debug|Any CPU.Build.0 = Debug|Any CPU
		{AD89B1EF-A940-4303-9547-607F5586D392}.Debug|x64.ActiveCfg = Debug|Any CPU
		{AD89B1EF-A940-4303-9547-607F5586D392}.Debug|x64.Build.0 = Debug|Any CPU
		{AD89B1EF-A940-4303-9547-607F5586D392}.Debug|x86.ActiveCfg = Debug|Any CPU
		{AD89B1EF-A940-4303-9547-607F5586D392}.Debug|x86.Build.0 = Debug|Any CPU
		{AD89B1EF-A940-4303-9547-607F5586D392}.Release|Any CPU.ActiveCfg = Release|Any CPU
		{AD89B1EF-A940-4303-9547-607F5586D392}.Release|Any CPU.Build.0 = Release|Any CPU
		{AD89B1EF-A940-4303-9547-607F5586D392}.Release|x64.ActiveCfg = Release|Any CPU
		{AD89B1EF-A940-4303-9547-607F5586D392}.Release|x64.Build.0 = Release|Any CPU
		{AD89B1EF-A940-4303-9547-607F5586D392}.Release|x86.ActiveCfg = Release|Any CPU
		{AD89B1EF-A940-4303-9547-607F5586D392}.Release|x86.Build.0 = Release|Any CPU
		{98FB6C6C-6979-413B-B1E7-FCD263514265}.Debug|Any CPU.ActiveCfg = Debug|Any CPU
		{98FB6C6C-6979-413B-B1E7-FCD263514265}.Debug|Any CPU.Build.0 = Debug|Any CPU
		{98FB6C6C-6979-413B-B1E7-FCD263514265}.Debug|x64.ActiveCfg = Debug|Any CPU
		{98FB6C6C-6979-413B-B1E7-FCD263514265}.Debug|x64.Build.0 = Debug|Any CPU
		{98FB6C6C-6979-413B-B1E7-FCD263514265}.Debug|x86.ActiveCfg = Debug|Any CPU
		{98FB6C6C-6979-413B-B1E7-FCD263514265}.Debug|x86.Build.0 = Debug|Any CPU
		{98FB6C6C-6979-413B-B1E7-FCD263514265}.Release|Any CPU.ActiveCfg = Release|Any CPU
		{98FB6C6C-6979-413B-B1E7-FCD263514265}.Release|Any CPU.Build.0 = Release|Any CPU
		{98FB6C6C-6979-413B-B1E7-FCD263514265}.Release|x64.ActiveCfg = Release|Any CPU
		{98FB6C6C-6979-413B-B1E7-FCD263514265}.Release|x64.Build.0 = Release|Any CPU
		{98FB6C6C-6979-413B-B1E7-FCD263514265}.Release|x86.ActiveCfg = Release|Any CPU
		{98FB6C6C-6979-413B-B1E7-FCD263514265}.Release|x86.Build.0 = Release|Any CPU
		{A358E5DB-1D5E-41E9-8042-6F33CA617E0E}.Debug|Any CPU.ActiveCfg = Debug|Any CPU
		{A358E5DB-1D5E-41E9-8042-6F33CA617E0E}.Debug|Any CPU.Build.0 = Debug|Any CPU
		{A358E5DB-1D5E-41E9-8042-6F33CA617E0E}.Debug|x64.ActiveCfg = Debug|Any CPU
		{A358E5DB-1D5E-41E9-8042-6F33CA617E0E}.Debug|x64.Build.0 = Debug|Any CPU
		{A358E5DB-1D5E-41E9-8042-6F33CA617E0E}.Debug|x86.ActiveCfg = Debug|Any CPU
		{A358E5DB-1D5E-41E9-8042-6F33CA617E0E}.Debug|x86.Build.0 = Debug|Any CPU
		{A358E5DB-1D5E-41E9-8042-6F33CA617E0E}.Release|Any CPU.ActiveCfg = Release|Any CPU
		{A358E5DB-1D5E-41E9-8042-6F33CA617E0E}.Release|Any CPU.Build.0 = Release|Any CPU
		{A358E5DB-1D5E-41E9-8042-6F33CA617E0E}.Release|x64.ActiveCfg = Release|Any CPU
		{A358E5DB-1D5E-41E9-8042-6F33CA617E0E}.Release|x64.Build.0 = Release|Any CPU
		{A358E5DB-1D5E-41E9-8042-6F33CA617E0E}.Release|x86.ActiveCfg = Release|Any CPU
		{A358E5DB-1D5E-41E9-8042-6F33CA617E0E}.Release|x86.Build.0 = Release|Any CPU
		{BB0DA4A9-5A8F-4F50-9151-99CA702EEB3B}.Debug|Any CPU.ActiveCfg = Debug|Any CPU
		{BB0DA4A9-5A8F-4F50-9151-99CA702EEB3B}.Debug|Any CPU.Build.0 = Debug|Any CPU
		{BB0DA4A9-5A8F-4F50-9151-99CA702EEB3B}.Debug|x64.ActiveCfg = Debug|Any CPU
		{BB0DA4A9-5A8F-4F50-9151-99CA702EEB3B}.Debug|x64.Build.0 = Debug|Any CPU
		{BB0DA4A9-5A8F-4F50-9151-99CA702EEB3B}.Debug|x86.ActiveCfg = Debug|Any CPU
		{BB0DA4A9-5A8F-4F50-9151-99CA702EEB3B}.Debug|x86.Build.0 = Debug|Any CPU
		{BB0DA4A9-5A8F-4F50-9151-99CA702EEB3B}.Release|Any CPU.ActiveCfg = Release|Any CPU
		{BB0DA4A9-5A8F-4F50-9151-99CA702EEB3B}.Release|Any CPU.Build.0 = Release|Any CPU
		{BB0DA4A9-5A8F-4F50-9151-99CA702EEB3B}.Release|x64.ActiveCfg = Release|Any CPU
		{BB0DA4A9-5A8F-4F50-9151-99CA702EEB3B}.Release|x64.Build.0 = Release|Any CPU
		{BB0DA4A9-5A8F-4F50-9151-99CA702EEB3B}.Release|x86.ActiveCfg = Release|Any CPU
		{BB0DA4A9-5A8F-4F50-9151-99CA702EEB3B}.Release|x86.Build.0 = Release|Any CPU
	EndGlobalSection
	GlobalSection(NestedProjects) = preSolution
		{AD89B1EF-A940-4303-9547-607F5586D392} = {A4CA89EE-0734-4A07-8514-235DD070FF6C}
		{98FB6C6C-6979-413B-B1E7-FCD263514265} = {A4CA89EE-0734-4A07-8514-235DD070FF6C}
		{96254D18-5797-4ADD-B4DA-94D19823F8A8} = {A4CA89EE-0734-4A07-8514-235DD070FF6C}
		{A358E5DB-1D5E-41E9-8042-6F33CA617E0E} = {96254D18-5797-4ADD-B4DA-94D19823F8A8}
		{BB0DA4A9-5A8F-4F50-9151-99CA702EEB3B} = {96254D18-5797-4ADD-B4DA-94D19823F8A8}
	EndGlobalSection
EndGlobal
