
Microsoft Visual Studio Solution File, Format Version 12.00
# Visual Studio 15
VisualStudioVersion = 15.0.26124.0
MinimumVisualStudioVersion = 15.0.26124.0
Project("{2150E333-8FDC-42A3-9474-1A3956D46DE8}") = "src", "src", "{E030B520-8F29-451F-82FE-2EB82F88D5BA}"
EndProject
Project("{FAE04EC0-301F-11D3-BF4B-00C04F79EFBC}") = "ACM.BL", "src\ACM.BL\ACM.BL.csproj", "{DF55155D-17F1-4A7E-B235-21F61D3C5331}"
EndProject
Project("{FAE04EC0-301F-11D3-BF4B-00C04F79EFBC}") = "ACM.BLTest", "src\tests\ACM.BLTest\ACM.BLTest.csproj", "{79F7A6E3-F53A-4281-921B-5D7345310A8F}"
EndProject
Project("{FAE04EC0-301F-11D3-BF4B-00C04F79EFBC}") = "Acme.commonTest", "src\tests\Acme.commonTest\Acme.commonTest.csproj", "{6E2914D7-214D-44D2-B17F-D509F2516D36}"
EndProject
Project("{FAE04EC0-301F-11D3-BF4B-00C04F79EFBC}") = "Acme.common", "src\Acme.common\Acme.common.csproj", "{B1B2FB49-1B43-4170-8587-FB9988FFA356}"
EndProject
Global
	GlobalSection(SolutionConfigurationPlatforms) = preSolution
		Debug|Any CPU = Debug|Any CPU
		Debug|x64 = Debug|x64
		Debug|x86 = Debug|x86
		Release|Any CPU = Release|Any CPU
		Release|x64 = Release|x64
		Release|x86 = Release|x86
	EndGlobalSection
	GlobalSection(SolutionProperties) = preSolution
		HideSolutionNode = FALSE
	EndGlobalSection
	GlobalSection(ProjectConfigurationPlatforms) = postSolution
		{DF55155D-17F1-4A7E-B235-21F61D3C5331}.Debug|Any CPU.ActiveCfg = Debug|Any CPU
		{DF55155D-17F1-4A7E-B235-21F61D3C5331}.Debug|Any CPU.Build.0 = Debug|Any CPU
		{DF55155D-17F1-4A7E-B235-21F61D3C5331}.Debug|x64.ActiveCfg = Debug|Any CPU
		{DF55155D-17F1-4A7E-B235-21F61D3C5331}.Debug|x64.Build.0 = Debug|Any CPU
		{DF55155D-17F1-4A7E-B235-21F61D3C5331}.Debug|x86.ActiveCfg = Debug|Any CPU
		{DF55155D-17F1-4A7E-B235-21F61D3C5331}.Debug|x86.Build.0 = Debug|Any CPU
		{DF55155D-17F1-4A7E-B235-21F61D3C5331}.Release|Any CPU.ActiveCfg = Release|Any CPU
		{DF55155D-17F1-4A7E-B235-21F61D3C5331}.Release|Any CPU.Build.0 = Release|Any CPU
		{DF55155D-17F1-4A7E-B235-21F61D3C5331}.Release|x64.ActiveCfg = Release|Any CPU
		{DF55155D-17F1-4A7E-B235-21F61D3C5331}.Release|x64.Build.0 = Release|Any CPU
		{DF55155D-17F1-4A7E-B235-21F61D3C5331}.Release|x86.ActiveCfg = Release|Any CPU
		{DF55155D-17F1-4A7E-B235-21F61D3C5331}.Release|x86.Build.0 = Release|Any CPU
		{79F7A6E3-F53A-4281-921B-5D7345310A8F}.Debug|Any CPU.ActiveCfg = Debug|Any CPU
		{79F7A6E3-F53A-4281-921B-5D7345310A8F}.Debug|Any CPU.Build.0 = Debug|Any CPU
		{79F7A6E3-F53A-4281-921B-5D7345310A8F}.Debug|x64.ActiveCfg = Debug|Any CPU
		{79F7A6E3-F53A-4281-921B-5D7345310A8F}.Debug|x64.Build.0 = Debug|Any CPU
		{79F7A6E3-F53A-4281-921B-5D7345310A8F}.Debug|x86.ActiveCfg = Debug|Any CPU
		{79F7A6E3-F53A-4281-921B-5D7345310A8F}.Debug|x86.Build.0 = Debug|Any CPU
		{79F7A6E3-F53A-4281-921B-5D7345310A8F}.Release|Any CPU.ActiveCfg = Release|Any CPU
		{79F7A6E3-F53A-4281-921B-5D7345310A8F}.Release|Any CPU.Build.0 = Release|Any CPU
		{79F7A6E3-F53A-4281-921B-5D7345310A8F}.Release|x64.ActiveCfg = Release|Any CPU
		{79F7A6E3-F53A-4281-921B-5D7345310A8F}.Release|x64.Build.0 = Release|Any CPU
		{79F7A6E3-F53A-4281-921B-5D7345310A8F}.Release|x86.ActiveCfg = Release|Any CPU
		{79F7A6E3-F53A-4281-921B-5D7345310A8F}.Release|x86.Build.0 = Release|Any CPU
		{6E2914D7-214D-44D2-B17F-D509F2516D36}.Debug|Any CPU.ActiveCfg = Debug|Any CPU
		{6E2914D7-214D-44D2-B17F-D509F2516D36}.Debug|Any CPU.Build.0 = Debug|Any CPU
		{6E2914D7-214D-44D2-B17F-D509F2516D36}.Debug|x64.ActiveCfg = Debug|Any CPU
		{6E2914D7-214D-44D2-B17F-D509F2516D36}.Debug|x64.Build.0 = Debug|Any CPU
		{6E2914D7-214D-44D2-B17F-D509F2516D36}.Debug|x86.ActiveCfg = Debug|Any CPU
		{6E2914D7-214D-44D2-B17F-D509F2516D36}.Debug|x86.Build.0 = Debug|Any CPU
		{6E2914D7-214D-44D2-B17F-D509F2516D36}.Release|Any CPU.ActiveCfg = Release|Any CPU
		{6E2914D7-214D-44D2-B17F-D509F2516D36}.Release|Any CPU.Build.0 = Release|Any CPU
		{6E2914D7-214D-44D2-B17F-D509F2516D36}.Release|x64.ActiveCfg = Release|Any CPU
		{6E2914D7-214D-44D2-B17F-D509F2516D36}.Release|x64.Build.0 = Release|Any CPU
		{6E2914D7-214D-44D2-B17F-D509F2516D36}.Release|x86.ActiveCfg = Release|Any CPU
		{6E2914D7-214D-44D2-B17F-D509F2516D36}.Release|x86.Build.0 = Release|Any CPU
		{B1B2FB49-1B43-4170-8587-FB9988FFA356}.Debug|Any CPU.ActiveCfg = Debug|Any CPU
		{B1B2FB49-1B43-4170-8587-FB9988FFA356}.Debug|Any CPU.Build.0 = Debug|Any CPU
		{B1B2FB49-1B43-4170-8587-FB9988FFA356}.Debug|x64.ActiveCfg = Debug|Any CPU
		{B1B2FB49-1B43-4170-8587-FB9988FFA356}.Debug|x64.Build.0 = Debug|Any CPU
		{B1B2FB49-1B43-4170-8587-FB9988FFA356}.Debug|x86.ActiveCfg = Debug|Any CPU
		{B1B2FB49-1B43-4170-8587-FB9988FFA356}.Debug|x86.Build.0 = Debug|Any CPU
		{B1B2FB49-1B43-4170-8587-FB9988FFA356}.Release|Any CPU.ActiveCfg = Release|Any CPU
		{B1B2FB49-1B43-4170-8587-FB9988FFA356}.Release|Any CPU.Build.0 = Release|Any CPU
		{B1B2FB49-1B43-4170-8587-FB9988FFA356}.Release|x64.ActiveCfg = Release|Any CPU
		{B1B2FB49-1B43-4170-8587-FB9988FFA356}.Release|x64.Build.0 = Release|Any CPU
		{B1B2FB49-1B43-4170-8587-FB9988FFA356}.Release|x86.ActiveCfg = Release|Any CPU
		{B1B2FB49-1B43-4170-8587-FB9988FFA356}.Release|x86.Build.0 = Release|Any CPU
	EndGlobalSection
	GlobalSection(NestedProjects) = preSolution
		{DF55155D-17F1-4A7E-B235-21F61D3C5331} = {E030B520-8F29-451F-82FE-2EB82F88D5BA}
		{79F7A6E3-F53A-4281-921B-5D7345310A8F} = {752F455A-EB60-4630-AA1E-405B478D3BF3}
		{6E2914D7-214D-44D2-B17F-D509F2516D36} = {752F455A-EB60-4630-AA1E-405B478D3BF3}
		{B1B2FB49-1B43-4170-8587-FB9988FFA356} = {E030B520-8F29-451F-82FE-2EB82F88D5BA}
	EndGlobalSection
EndGlobal
